
Microsoft Visual Studio Solution File, Format Version 12.00
# Visual Studio Version 16
VisualStudioVersion = 25.0.1700.2
MinimumVisualStudioVersion = 10.0.40219.1
Project("{FAE04EC0-301F-11D3-BF4B-00C04F79EFBC}") = "PosMonitor", "PosMonitor\PosMonitor.csproj", "{AE655EA0-E2D2-4FC2-85EC-1DF6F0E1B179}"
EndProject
Project("{FAE04EC0-301F-11D3-BF4B-00C04F79EFBC}") = "Test.PosMonitor", "Test.PosMonitor\Test.PosMonitor.csproj", "{8790BFB8-B1D6-4A7B-B98D-89AB7F4E6B55}"
EndProject
Global
	GlobalSection(SolutionConfigurationPlatforms) = preSolution
		Debug|Any CPU = Debug|Any CPU
		Release|Any CPU = Release|Any CPU
	EndGlobalSection
	GlobalSection(ProjectConfigurationPlatforms) = postSolution
		{AE655EA0-E2D2-4FC2-85EC-1DF6F0E1B179}.Debug|Any CPU.ActiveCfg = Debug|Any CPU
		{AE655EA0-E2D2-4FC2-85EC-1DF6F0E1B179}.Debug|Any CPU.Build.0 = Debug|Any CPU
		{AE655EA0-E2D2-4FC2-85EC-1DF6F0E1B179}.Release|Any CPU.ActiveCfg = Release|Any CPU
		{AE655EA0-E2D2-4FC2-85EC-1DF6F0E1B179}.Release|Any CPU.Build.0 = Release|Any CPU
		{8790BFB8-B1D6-4A7B-B98D-89AB7F4E6B55}.Debug|Any CPU.ActiveCfg = Debug|Any CPU
		{8790BFB8-B1D6-4A7B-B98D-89AB7F4E6B55}.Debug|Any CPU.Build.0 = Debug|Any CPU
		{8790BFB8-B1D6-4A7B-B98D-89AB7F4E6B55}.Release|Any CPU.ActiveCfg = Release|Any CPU
		{8790BFB8-B1D6-4A7B-B98D-89AB7F4E6B55}.Release|Any CPU.Build.0 = Release|Any CPU
	EndGlobalSection
	GlobalSection(SolutionProperties) = preSolution
		HideSolutionNode = FALSE
	EndGlobalSection
	GlobalSection(ExtensibilityGlobals) = postSolution
		SolutionGuid = {5F87E56F-9CCA-4AF6-B623-537B2E89D254}
	EndGlobalSection
EndGlobal
